
Microsoft Visual Studio Solution File, Format Version 11.00
# Visual Studio 2010
Project("{8BC9CEB8-8B4A-11D0-8D11-00A0C91BC942}") = "P2PClient", "P2PClient.vcxproj", "{41407C00-27FC-2736-8B76-55CCCE27EEAD}"
EndProject
Global
	GlobalSection(SolutionConfigurationPlatforms) = preSolution
		Debug|Win32 = Debug|Win32
		Release|Win32 = Release|Win32
		Template|Win32 = Template|Win32
	EndGlobalSection
	GlobalSection(ProjectConfigurationPlatforms) = postSolution
		{41407C00-27FC-2736-8B76-55CCCE27EEAD}.Debug|Win32.ActiveCfg = Debug|Win32
		{41407C00-27FC-2736-8B76-55CCCE27EEAD}.Debug|Win32.Build.0 = Debug|Win32
		{41407C00-27FC-2736-8B76-55CCCE27EEAD}.Release|Win32.ActiveCfg = Release|Win32
		{41407C00-27FC-2736-8B76-55CCCE27EEAD}.Release|Win32.Build.0 = Release|Win32
		{41407C00-27FC-2736-8B76-55CCCE27EEAD}.Template|Win32.ActiveCfg = Template|Win32
		{41407C00-27FC-2736-8B76-55CCCE27EEAD}.Template|Win32.Build.0 = Template|Win32
	EndGlobalSection
	GlobalSection(SolutionProperties) = preSolution
		HideSolutionNode = FALSE
	EndGlobalSection
EndGlobal
